lockfileVersion: 5.4

specifiers:
  '@angular/common': ^13.3.8
  '@angular/forms': ^13.3.8
  rxjs: ^7.5.5
  typescript: ^4.6.4

dependencies:
  '@angular/common': 13.3.8_rxjs@7.5.5
  '@angular/forms': 13.3.8_mvtbsiqhdizz33b5dsqss33k2q
  rxjs: 7.5.5

devDependencies:
  typescript: 4.6.4

packages:

  /@angular/common/13.3.8_rxjs@7.5.5:
    resolution: {integrity: sha512-8GYa11PYC7Vj/bkNmzDqmpUyszAaJ565isKRDEQGcKWOB6k5OjnLT+nvMrKap7f347K2z+2qf+pXkgY8xXiDNA==}
    engines: {node: ^12.20.0 || ^14.15.0 || >=16.10.0}
    peerDependencies:
      '@angular/core': 13.3.8
      rxjs: ^6.5.3 || ^7.4.0
    dependencies:
      rxjs: 7.5.5
      tslib: 2.4.0
    dev: false

  /@angular/forms/13.3.8_mvtbsiqhdizz33b5dsqss33k2q:
    resolution: {integrity: sha512-XG1uHUr7LfFKsE7cHfhOBj7f3xmuHWndBrHyqqNShpZBng35wiSktIWKHFL13IHeT+5J8WntR7/HpKwzKV84Vw==}
    engines: {node: ^12.20.0 || ^14.15.0 || >=16.10.0}
    peerDependencies:
      '@angular/common': 13.3.8
      '@angular/core': 13.3.8
      '@angular/platform-browser': 13.3.8
      rxjs: ^6.5.3 || ^7.4.0
    dependencies:
      '@angular/common': 13.3.8_rxjs@7.5.5
      rxjs: 7.5.5
      tslib: 2.4.0
    dev: false

  /rxjs/7.5.5:
    resolution: {integrity: sha512-sy+H0pQofO95VDmFLzyaw9xNJU4KTRSwQIGM6+iG3SypAtCiLDzpeG8sJrNCWn2Up9km+KhkvTdbkrdy+yzZdw==}
    dependencies:
      tslib: 2.4.0
    dev: false

  /tslib/2.4.0:
    resolution: {integrity: sha512-d6xOpEDfsi2CZVlPQzGeux8XMwLT9hssAsaPYExaQMuYskwb+x1x7J371tWlbBdWHroy99KnVB6qIkUbs5X3UQ==}
    dev: false

  /typescript/4.6.4:
    resolution: {integrity: sha512-9ia/jWHIEbo49HfjrLGfKbZSuWo9iTMwXO+Ca3pRsSpbsMbc7/IU8NKdCZVRRBafVPGnoJeFL76ZOAA84I9fEg==}
    engines: {node: '>=4.2.0'}
    hasBin: true
    dev: true
