lockfileVersion: 5.4

specifiers:
  '@angular/common': ^14.1.2
  '@angular/core': ^14.1.2
  '@angular/forms': ^14.1.2
  jasmine: ^4.2.0
  rxjs: ~7.5.0
  typescript: ~4.7.3

devDependencies:
  '@angular/common': 14.1.2_zxu6kynelzm47wrpz4hiraa5fu
  '@angular/core': 14.1.2_rxjs@7.5.5
  '@angular/forms': 14.1.2_ibavr2nblubibhb7uxag5odlai
  jasmine: 4.2.0
  rxjs: 7.5.5
  typescript: 4.7.3

packages:

  /@angular/common/14.1.2_zxu6kynelzm47wrpz4hiraa5fu:
    resolution: {integrity: sha512-ukj/BAF3cH8IDrrMt7MLjosKst005YGD0EpLNpdTNdHN8NrF3OrEYyR7YR7obrucjJ8fowsz9V7a8OrNrHaS4w==}
    engines: {node: ^14.15.0 || >=16.10.0}
    peerDependencies:
      '@angular/core': 14.1.2
      rxjs: ^6.5.3 || ^7.4.0
    dependencies:
      '@angular/core': 14.1.2_rxjs@7.5.5
      rxjs: 7.5.5
      tslib: 2.4.0
    dev: true

  /@angular/core/14.1.2_rxjs@7.5.5:
    resolution: {integrity: sha512-7DkeMYxXaWiUN0SztsD/dUn8SYo7305sM9HtX9RCGG/pweOoIIdcRhTxyiatyVGzTuulwMs/Y/rD1Q+GsDCnow==}
    engines: {node: ^14.15.0 || >=16.10.0}
    peerDependencies:
      rxjs: ^6.5.3 || ^7.4.0
      zone.js: ~0.11.4
    dependencies:
      rxjs: 7.5.5
      tslib: 2.4.0
    dev: true

  /@angular/forms/14.1.2_ibavr2nblubibhb7uxag5odlai:
    resolution: {integrity: sha512-9qXbYVo3mgz7SiSZzt5y/SonccASLKr8HSLlTGwnXKHlBAWA4tgdAR5Dqs+rKpoJI8VRF29Cu76fqytl60tCVA==}
    engines: {node: ^14.15.0 || >=16.10.0}
    peerDependencies:
      '@angular/common': 14.1.2
      '@angular/core': 14.1.2
      '@angular/platform-browser': 14.1.2
      rxjs: ^6.5.3 || ^7.4.0
    dependencies:
      '@angular/common': 14.1.2_zxu6kynelzm47wrpz4hiraa5fu
      '@angular/core': 14.1.2_rxjs@7.5.5
      rxjs: 7.5.5
      tslib: 2.4.0
    dev: true

  /balanced-match/1.0.2:
    resolution: {integrity: sha512-3oSeUO0TMV67hN1AmbXsK4yaqU7tjiHlbxRDZOpH0KW9+CeX4bRAaX0Anxt0tx2MrpRpWwQaPwIlISEJhYU5Pw==}
    dev: true

  /brace-expansion/1.1.11:
    resolution: {integrity: sha512-iCuPHDFgrHX7H2vEI/5xpz07zSHB00TpugqhmYtVmMO6518mCuRMoOYFldEBl0g187ufozdaHgWKcYFb61qGiA==}
    dependencies:
      balanced-match: 1.0.2
      concat-map: 0.0.1
    dev: true

  /concat-map/0.0.1:
    resolution: {integrity: sha1-2Klr13/Wjfd5OnMDajug1UBdR3s=}
    dev: true

  /fs.realpath/1.0.0:
    resolution: {integrity: sha512-OO0pH2lK6a0hZnAdau5ItzHPI6pUlvI7jMVnxUQRtw4owF2wk8lOSabtGDCTP4Ggrg2MbGnWO9X8K1t4+fGMDw==}
    dev: true

  /glob/7.2.3:
    resolution: {integrity: sha512-nFR0zLpU2YCaRxwoCJvL6UvCH2JFyFVIvwTLsIf21AuHlMskA1hhTdk+LlYJtOlYt9v6dvszD2BGRqBL+iQK9Q==}
    dependencies:
      fs.realpath: 1.0.0
      inflight: 1.0.6
      inherits: 2.0.4
      minimatch: 3.1.2
      once: 1.4.0
      path-is-absolute: 1.0.1
    dev: true

  /inflight/1.0.6:
    resolution: {integrity: sha512-k92I/b08q4wvFscXCLvqfsHCrjrF7yiXsQuIVvVE7N82W3+aqpzuUdBbfhWcy/FZR3/4IgflMgKLOsvPDrGCJA==}
    dependencies:
      once: 1.4.0
      wrappy: 1.0.2
    dev: true

  /inherits/2.0.4:
    resolution: {integrity: sha512-k/vGaX4/Yla3WzyMCvTQOXYeIHvqOKtnqBduzTHpzpQZzAskKMhZ2K+EnBiSM9zGSoIFeMpXKxa4dYeZIQqewQ==}
    dev: true

  /jasmine-core/4.2.0:
    resolution: {integrity: sha512-OcFpBrIhnbmb9wfI8cqPSJ50pv3Wg4/NSgoZIqHzIwO/2a9qivJWzv8hUvaREIMYYJBas6AvfXATFdVuzzCqVw==}
    dev: true

  /jasmine/4.2.0:
    resolution: {integrity: sha512-6SQRXHs5O++mp52PkoJoi9zuLYqp1IaqepRNmAQn5rUBo9VUnckpkkXQQD5PAuCCVVB1ULDImvWYCPV/ZVnaGQ==}
    hasBin: true
    dependencies:
      glob: 7.2.3
      jasmine-core: 4.2.0
    dev: true

  /minimatch/3.1.2:
    resolution: {integrity: sha512-J7p63hRiAjw1NDEww1W7i37+ByIrOWO5XQQAzZ3VOcL0PNybwpfmV/N05zFAzwQ9USyEcX6t3UO+K5aqBQOIHw==}
    dependencies:
      brace-expansion: 1.1.11
    dev: true

  /once/1.4.0:
    resolution: {integrity: sha512-lNaJgI+2Q5URQBkccEKHTQOPaXdUxnZZElQTZY0MFUAuaEqe1E+Nyvgdz/aIyNi6Z9MzO5dv1H8n58/GELp3+w==}
    dependencies:
      wrappy: 1.0.2
    dev: true

  /path-is-absolute/1.0.1:
    resolution: {integrity: sha512-AVbw3UJ2e9bq64vSaS9Am0fje1Pa8pbGqTTsmXfaIiMpnr5DlDhfJOuLj9Sf95ZPVDAUerDfEk88MPmPe7UCQg==}
    engines: {node: '>=0.10.0'}
    dev: true

  /rxjs/7.5.5:
    resolution: {integrity: sha512-sy+H0pQofO95VDmFLzyaw9xNJU4KTRSwQIGM6+iG3SypAtCiLDzpeG8sJrNCWn2Up9km+KhkvTdbkrdy+yzZdw==}
    dependencies:
      tslib: 2.4.0
    dev: true

  /tslib/2.4.0:
    resolution: {integrity: sha512-d6xOpEDfsi2CZVlPQzGeux8XMwLT9hssAsaPYExaQMuYskwb+x1x7J371tWlbBdWHroy99KnVB6qIkUbs5X3UQ==}
    dev: true

  /typescript/4.7.3:
    resolution: {integrity: sha512-WOkT3XYvrpXx4vMMqlD+8R8R37fZkjyLGlxavMc4iB8lrl8L0DeTcHbYgw/v0N/z9wAFsgBhcsF0ruoySS22mA==}
    engines: {node: '>=4.2.0'}
    hasBin: true
    dev: true

  /wrappy/1.0.2:
    resolution: {integrity: sha512-l4Sp/DRseor9wL6EvV2+TuQn63dMkPjZ/sp9XkghTEbV9KlPS1xUsZ3u7/IQO4wxtcFB4bgpQPRcR3QCvezPcQ==}
    dev: true
