lockfileVersion: 5.4

specifiers:
  '@angular/common': ^14.0.0
  '@angular/forms': ^14.0.0
  rxjs: ^6.5.3 || ^7.4.0

devDependencies:
  '@angular/common': 14.0.1_rxjs@7.5.5
  '@angular/forms': 14.0.1_kbuybeieogvu73ewls5wq7wb5i
  rxjs: 7.5.5

packages:

  /@angular/common/14.0.1_rxjs@7.5.5:
    resolution: {integrity: sha512-6yT95daze55H0KLag+LgQQMGV7jGy3ggcdIEEU9H+cM4rp37kz97RNGaig5p34c1f/VMg6LaDXOK4LjAebbnBw==}
    engines: {node: ^14.15.0 || >=16.10.0}
    peerDependencies:
      '@angular/core': 14.0.1
      rxjs: ^6.5.3 || ^7.4.0
    dependencies:
      rxjs: 7.5.5
      tslib: 2.4.0
    dev: true

  /@angular/forms/14.0.1_kbuybeieogvu73ewls5wq7wb5i:
    resolution: {integrity: sha512-QueehWD0ghfYw3TQS9DN62i6gnc+xLeJ6NFJ8fVfh9Ny4V9zFB24bUwBmwcIiZhkw/5G42tjcuUIDO9KlNtBbA==}
    engines: {node: ^14.15.0 || >=16.10.0}
    peerDependencies:
      '@angular/common': 14.0.1
      '@angular/core': 14.0.1
      '@angular/platform-browser': 14.0.1
      rxjs: ^6.5.3 || ^7.4.0
    dependencies:
      '@angular/common': 14.0.1_rxjs@7.5.5
      rxjs: 7.5.5
      tslib: 2.4.0
    dev: true

  /rxjs/7.5.5:
    resolution: {integrity: sha512-sy+H0pQofO95VDmFLzyaw9xNJU4KTRSwQIGM6+iG3SypAtCiLDzpeG8sJrNCWn2Up9km+KhkvTdbkrdy+yzZdw==}
    dependencies:
      tslib: 2.4.0
    dev: true

  /tslib/2.4.0:
    resolution: {integrity: sha512-d6xOpEDfsi2CZVlPQzGeux8XMwLT9hssAsaPYExaQMuYskwb+x1x7J371tWlbBdWHroy99KnVB6qIkUbs5X3UQ==}
    dev: true
